
Microsoft Visual Studio Solution File, Format Version 12.00
# Visual Studio 15
VisualStudioVersion = 15.0.28307.1259
MinimumVisualStudioVersion = 10.0.40219.1
Project("{FAE04EC0-301F-11D3-BF4B-00C04F79EFBC}") = "Hide", "Hide\Hide.csproj", "{278ECF41-EB71-4F2A-9ED2-5B967DEBDB06}"
EndProject
Global
	GlobalSection(SolutionConfigurationPlatforms) = preSolution
		Debug|Any CPU = Debug|Any CPU
		Release|Any CPU = Release|Any CPU
	EndGlobalSection
	GlobalSection(ProjectConfigurationPlatforms) = postSolution
		{278ECF41-EB71-4F2A-9ED2-5B967DEBDB06}.Debug|Any CPU.ActiveCfg = Debug|Any CPU
		{278ECF41-EB71-4F2A-9ED2-5B967DEBDB06}.Debug|Any CPU.Build.0 = Debug|Any CPU
		{278ECF41-EB71-4F2A-9ED2-5B967DEBDB06}.Release|Any CPU.ActiveCfg = Release|Any CPU
		{278ECF41-EB71-4F2A-9ED2-5B967DEBDB06}.Release|Any CPU.Build.0 = Release|Any CPU
	EndGlobalSection
	GlobalSection(SolutionProperties) = preSolution
		HideSolutionNode = FALSE
	EndGlobalSection
	GlobalSection(ExtensibilityGlobals) = postSolution
		SolutionGuid = {211B8700-1F98-4E9C-A0CE-11C726676EAC}
	EndGlobalSection
EndGlobal
